# THIS IS AN AUTOGENERATED FILE. DO NOT EDIT THIS FILE DIRECTLY.
# yarn lockfile v1


bulma@^0.7.5:
  version "0.7.5"
  resolved "https://registry.yarnpkg.com/bulma/-/bulma-0.7.5.tgz#35066c37f82c088b68f94450be758fc00a967208"
  integrity sha512-cX98TIn0I6sKba/DhW0FBjtaDpxTelU166pf7ICXpCCuplHWyu6C9LYZmL5PEsnePIeJaiorsTEzzNk3Tsm1hw==

decouple@0.0.2:
  version "0.0.2"
  resolved "https://registry.yarnpkg.com/decouple/-/decouple-0.0.2.tgz#cb373640c37f987a5f6866724ccd424a80f9d9a2"
  integrity sha1-yzc2QMN/mHpfaGZyTM1CSoD52aI=

"emitter@git+https://github.com/Mango/emitter.git#0.0.7":
  version "0.0.7"
  resolved "git+https://github.com/Mango/emitter.git#41ab8a3956269c7ed468bde50203e15b3274152f"

slideout@^1.0.1:
  version "1.0.1"
  resolved "https://registry.yarnpkg.com/slideout/-/slideout-1.0.1.tgz#49f2fbd7e4155fe0dbe6d95938f012243565f625"
  integrity sha1-SfL71+QVX+Db5tlZOPASJDVl9iU=
  dependencies:
    decouple "0.0.2"
    emitter "git+https://github.com/Mango/emitter.git#0.0.7"
